
Microsoft Visual Studio Solution File, Format Version 12.00
# Visual Studio Version 17
VisualStudioVersion = 17.3.32929.385
MinimumVisualStudioVersion = 10.0.40219.1
Project("{FAE04EC0-301F-11D3-BF4B-00C04F79EFBC}") = "exercice2", "exercice2.csproj", "{99A99C16-95D9-415E-B478-4A075B624959}"
EndProject
Global
	GlobalSection(SolutionConfigurationPlatforms) = preSolution
		Debug|Any CPU = Debug|Any CPU
		Release|Any CPU = Release|Any CPU
	EndGlobalSection
	GlobalSection(ProjectConfigurationPlatforms) = postSolution
		{99A99C16-95D9-415E-B478-4A075B624959}.Debug|Any CPU.ActiveCfg = Debug|Any CPU
		{99A99C16-95D9-415E-B478-4A075B624959}.Debug|Any CPU.Build.0 = Debug|Any CPU
		{99A99C16-95D9-415E-B478-4A075B624959}.Release|Any CPU.ActiveCfg = Release|Any CPU
		{99A99C16-95D9-415E-B478-4A075B624959}.Release|Any CPU.Build.0 = Release|Any CPU
	EndGlobalSection
	GlobalSection(SolutionProperties) = preSolution
		HideSolutionNode = FALSE
	EndGlobalSection
	GlobalSection(ExtensibilityGlobals) = postSolution
		SolutionGuid = {9D82E98E-A6FA-4958-8830-C9F78FB5DBC8}
	EndGlobalSection
EndGlobal
